// !$*UTF8*$!
{
	archiveVersion = 1;
	classes = {
	};
	objectVersion = 55;
	objects = {

/* Begin PBXBuildFile section */
		606361D52B9A8CE9005D2011 /* Recipe.swift in Sources */ = {isa = PBXBuildFile; fileRef = 606361D42B9A8CE9005D2011 /* Recipe.swift */; };
		606361D72B9A90E4005D2011 /* RecipeDetailView.swift in Sources */ = {isa = PBXBuildFile; fileRef = 606361D62B9A90E4005D2011 /* RecipeDetailView.swift */; };
		606361DB2B9A95C3005D2011 /* RecipeListItemView.swift in Sources */ = {isa = PBXBuildFile; fileRef = 606361DA2B9A95C3005D2011 /* RecipeListItemView.swift */; };
		608CD5A22B9C4B3F00B4F4F8 /* RecipeSearchBar.swift in Sources */ = {isa = PBXBuildFile; fileRef = 608CD5A12B9C4B3F00B4F4F8 /* RecipeSearchBar.swift */; };
		608CD5A42B9C73D500B4F4F8 /* IngredientsList.swift in Sources */ = {isa = PBXBuildFile; fileRef = 608CD5A32B9C73D500B4F4F8 /* IngredientsList.swift */; };
		608CD5A62B9EE19F00B4F4F8 /* NewRecipeSheet.swift in Sources */ = {isa = PBXBuildFile; fileRef = 608CD5A52B9EE19F00B4F4F8 /* NewRecipeSheet.swift */; };
		60EDED3F2B99A63900EB1930 /* We_CookApp.swift in Sources */ = {isa = PBXBuildFile; fileRef = 60EDED3E2B99A63900EB1930 /* We_CookApp.swift */; };
		60EDED412B99A63900EB1930 /* ContentView.swift in Sources */ = {isa = PBXBuildFile; fileRef = 60EDED402B99A63900EB1930 /* ContentView.swift */; };
		60EDED432B99A63B00EB1930 /* Assets.xcassets in Resources */ = {isa = PBXBuildFile; fileRef = 60EDED422B99A63B00EB1930 /* Assets.xcassets */; };
		60EDED462B99A63B00EB1930 /* Preview Assets.xcassets in Resources */ = {isa = PBXBuildFile; fileRef = 60EDED452B99A63B00EB1930 /* Preview Assets.xcassets */; };
		60EDED4D2B99A98300EB1930 /* RecipesHome.swift in Sources */ = {isa = PBXBuildFile; fileRef = 60EDED4C2B99A98300EB1930 /* RecipesHome.swift */; };
		60EDED4F2B99AAFC00EB1930 /* HeaderAndNavigation.swift in Sources */ = {isa = PBXBuildFile; fileRef = 60EDED4E2B99AAFC00EB1930 /* HeaderAndNavigation.swift */; };
		60EDED512B99ACB800EB1930 /* FilterTabs.swift in Sources */ = {isa = PBXBuildFile; fileRef = 60EDED502B99ACB800EB1930 /* FilterTabs.swift */; };
/* End PBXBuildFile section */

/* Begin PBXFileReference section */
		606361D42B9A8CE9005D2011 /* Recipe.swift */ = {isa = PBXFileReference; lastKnownFileType = sourcecode.swift; path = Recipe.swift; sourceTree = "<group>"; };
		606361D62B9A90E4005D2011 /* RecipeDetailView.swift */ = {isa = PBXFileReference; lastKnownFileType = sourcecode.swift; path = RecipeDetailView.swift; sourceTree = "<group>"; };
		606361DA2B9A95C3005D2011 /* RecipeListItemView.swift */ = {isa = PBXFileReference; lastKnownFileType = sourcecode.swift; path = RecipeListItemView.swift; sourceTree = "<group>"; };
		608CD5A12B9C4B3F00B4F4F8 /* RecipeSearchBar.swift */ = {isa = PBXFileReference; lastKnownFileType = sourcecode.swift; path = RecipeSearchBar.swift; sourceTree = "<group>"; };
		608CD5A32B9C73D500B4F4F8 /* IngredientsList.swift */ = {isa = PBXFileReference; lastKnownFileType = sourcecode.swift; path = IngredientsList.swift; sourceTree = "<group>"; };
		608CD5A52B9EE19F00B4F4F8 /* NewRecipeSheet.swift */ = {isa = PBXFileReference; lastKnownFileType = sourcecode.swift; path = NewRecipeSheet.swift; sourceTree = "<group>"; };
		60EDED3B2B99A63900EB1930 /* We Cook.app */ = {isa = PBXFileReference; explicitFileType = wrapper.application; includeInIndex = 0; path = "We Cook.app"; sourceTree = BUILT_PRODUCTS_DIR; };
		60EDED3E2B99A63900EB1930 /* We_CookApp.swift */ = {isa = PBXFileReference; lastKnownFileType = sourcecode.swift; path = We_CookApp.swift; sourceTree = "<group>"; };
		60EDED402B99A63900EB1930 /* ContentView.swift */ = {isa = PBXFileReference; lastKnownFileType = sourcecode.swift; path = ContentView.swift; sourceTree = "<group>"; };
		60EDED422B99A63B00EB1930 /* Assets.xcassets */ = {isa = PBXFileReference; lastKnownFileType = folder.assetcatalog; path = Assets.xcassets; sourceTree = "<group>"; };
		60EDED452B99A63B00EB1930 /* Preview Assets.xcassets */ = {isa = PBXFileReference; lastKnownFileType = folder.assetcatalog; path = "Preview Assets.xcassets"; sourceTree = "<group>"; };
		60EDED4C2B99A98300EB1930 /* RecipesHome.swift */ = {isa = PBXFileReference; lastKnownFileType = sourcecode.swift; path = RecipesHome.swift; sourceTree = "<group>"; };
		60EDED4E2B99AAFC00EB1930 /* HeaderAndNavigation.swift */ = {isa = PBXFileReference; lastKnownFileType = sourcecode.swift; path = HeaderAndNavigation.swift; sourceTree = "<group>"; };
		60EDED502B99ACB800EB1930 /* FilterTabs.swift */ = {isa = PBXFileReference; lastKnownFileType = sourcecode.swift; path = FilterTabs.swift; sourceTree = "<group>"; };
/* End PBXFileReference section */

/* Begin PBXFrameworksBuildPhase section */
		60EDED382B99A63900EB1930 /* Frameworks */ = {
			isa = PBXFrameworksBuildPhase;
			buildActionMask = 2147483647;
			files = (
			);
			runOnlyForDeploymentPostprocessing = 0;
		};
/* End PBXFrameworksBuildPhase section */

/* Begin PBXGroup section */
		60EDED322B99A63900EB1930 = {
			isa = PBXGroup;
			children = (
				60EDED3D2B99A63900EB1930 /* We Cook */,
				60EDED3C2B99A63900EB1930 /* Products */,
			);
			sourceTree = "<group>";
		};
		60EDED3C2B99A63900EB1930 /* Products */ = {
			isa = PBXGroup;
			children = (
				60EDED3B2B99A63900EB1930 /* We Cook.app */,
			);
			name = Products;
			sourceTree = "<group>";
		};
		60EDED3D2B99A63900EB1930 /* We Cook */ = {
			isa = PBXGroup;
			children = (
				60EDED3E2B99A63900EB1930 /* We_CookApp.swift */,
				60EDED402B99A63900EB1930 /* ContentView.swift */,
				60EDED4C2B99A98300EB1930 /* RecipesHome.swift */,
				60EDED4E2B99AAFC00EB1930 /* HeaderAndNavigation.swift */,
				60EDED502B99ACB800EB1930 /* FilterTabs.swift */,
				606361D42B9A8CE9005D2011 /* Recipe.swift */,
				606361D62B9A90E4005D2011 /* RecipeDetailView.swift */,
				606361DA2B9A95C3005D2011 /* RecipeListItemView.swift */,
				608CD5A12B9C4B3F00B4F4F8 /* RecipeSearchBar.swift */,
				608CD5A32B9C73D500B4F4F8 /* IngredientsList.swift */,
				60EDED422B99A63B00EB1930 /* Assets.xcassets */,
				60EDED442B99A63B00EB1930 /* Preview Content */,
				608CD5A52B9EE19F00B4F4F8 /* NewRecipeSheet.swift */,
			);
			path = "We Cook";
			sourceTree = "<group>";
		};
		60EDED442B99A63B00EB1930 /* Preview Content */ = {
			isa = PBXGroup;
			children = (
				60EDED452B99A63B00EB1930 /* Preview Assets.xcassets */,
			);
			path = "Preview Content";
			sourceTree = "<group>";
		};
/* End PBXGroup section */

/* Begin PBXNativeTarget section */
		60EDED3A2B99A63900EB1930 /* We Cook */ = {
			isa = PBXNativeTarget;
			buildConfigurationList = 60EDED492B99A63B00EB1930 /* Build configuration list for PBXNativeTarget "We Cook" */;
			buildPhases = (
				60EDED372B99A63900EB1930 /* Sources */,
				60EDED382B99A63900EB1930 /* Frameworks */,
				60EDED392B99A63900EB1930 /* Resources */,
			);
			buildRules = (
			);
			dependencies = (
			);
			name = "We Cook";
			productName = "We Cook";
			productReference = 60EDED3B2B99A63900EB1930 /* We Cook.app */;
			productType = "com.apple.product-type.application";
		};
/* End PBXNativeTarget section */

/* Begin PBXProject section */
		60EDED332B99A63900EB1930 /* Project object */ = {
			isa = PBXProject;
			attributes = {
				BuildIndependentTargetsInParallel = 1;
				LastSwiftUpdateCheck = 1320;
				LastUpgradeCheck = 1320;
				TargetAttributes = {
					60EDED3A2B99A63900EB1930 = {
						CreatedOnToolsVersion = 13.2.1;
					};
				};
			};
			buildConfigurationList = 60EDED362B99A63900EB1930 /* Build configuration list for PBXProject "We Cook" */;
			compatibilityVersion = "Xcode 13.0";
			developmentRegion = en;
			hasScannedForEncodings = 0;
			knownRegions = (
				en,
				Base,
			);
			mainGroup = 60EDED322B99A63900EB1930;
			productRefGroup = 60EDED3C2B99A63900EB1930 /* Products */;
			projectDirPath = "";
			projectRoot = "";
			targets = (
				60EDED3A2B99A63900EB1930 /* We Cook */,
			);
		};
/* End PBXProject section */

/* Begin PBXResourcesBuildPhase section */
		60EDED392B99A63900EB1930 /* Resources */ = {
			isa = PBXResourcesBuildPhase;
			buildActionMask = 2147483647;
			files = (
				60EDED462B99A63B00EB1930 /* Preview Assets.xcassets in Resources */,
				60EDED432B99A63B00EB1930 /* Assets.xcassets in Resources */,
			);
			runOnlyForDeploymentPostprocessing = 0;
		};
/* End PBXResourcesBuildPhase section */

/* Begin PBXSourcesBuildPhase section */
		60EDED372B99A63900EB1930 /* Sources */ = {
			isa = PBXSourcesBuildPhase;
			buildActionMask = 2147483647;
			files = (
				608CD5A42B9C73D500B4F4F8 /* IngredientsList.swift in Sources */,
				608CD5A22B9C4B3F00B4F4F8 /* RecipeSearchBar.swift in Sources */,
				606361D72B9A90E4005D2011 /* RecipeDetailView.swift in Sources */,
				608CD5A62B9EE19F00B4F4F8 /* NewRecipeSheet.swift in Sources */,
				606361DB2B9A95C3005D2011 /* RecipeListItemView.swift in Sources */,
				60EDED4F2B99AAFC00EB1930 /* HeaderAndNavigation.swift in Sources */,
				60EDED512B99ACB800EB1930 /* FilterTabs.swift in Sources */,
				60EDED4D2B99A98300EB1930 /* RecipesHome.swift in Sources */,
				606361D52B9A8CE9005D2011 /* Recipe.swift in Sources */,
				60EDED412B99A63900EB1930 /* ContentView.swift in Sources */,
				60EDED3F2B99A63900EB1930 /* We_CookApp.swift in Sources */,
			);
			runOnlyForDeploymentPostprocessing = 0;
		};
/* End PBXSourcesBuildPhase section */

/* Begin XCBuildConfiguration section */
		60EDED472B99A63B00EB1930 /* Debug */ = {
			isa = XCBuildConfiguration;
			buildSettings = {
				ALWAYS_SEARCH_USER_PATHS = NO;
				CLANG_ANALYZER_NONNULL = YES;
				CLANG_ANALYZER_NUMBER_OBJECT_CONVERSION = YES_AGGRESSIVE;
				CLANG_CXX_LANGUAGE_STANDARD = "gnu++17";
				CLANG_CXX_LIBRARY = "libc++";
				CLANG_ENABLE_MODULES = YES;
				CLANG_ENABLE_OBJC_ARC = YES;
				CLANG_ENABLE_OBJC_WEAK = YES;
				CLANG_WARN_BLOCK_CAPTURE_AUTORELEASING = YES;
				CLANG_WARN_BOOL_CONVERSION = YES;
				CLANG_WARN_COMMA = YES;
				CLANG_WARN_CONSTANT_CONVERSION = YES;
				CLANG_WARN_DEPRECATED_OBJC_IMPLEMENTATIONS = YES;
				CLANG_WARN_DIRECT_OBJC_ISA_USAGE = YES_ERROR;
				CLANG_WARN_DOCUMENTATION_COMMENTS = YES;
				CLANG_WARN_EMPTY_BODY = YES;
				CLANG_WARN_ENUM_CONVERSION = YES;
				CLANG_WARN_INFINITE_RECURSION = YES;
				CLANG_WARN_INT_CONVERSION = YES;
				CLANG_WARN_NON_LITERAL_NULL_CONVERSION = YES;
				CLANG_WARN_OBJC_IMPLICIT_RETAIN_SELF = YES;
				CLANG_WARN_OBJC_LITERAL_CONVERSION = YES;
				CLANG_WARN_OBJC_ROOT_CLASS = YES_ERROR;
				CLANG_WARN_QUOTED_INCLUDE_IN_FRAMEWORK_HEADER = YES;
				CLANG_WARN_RANGE_LOOP_ANALYSIS = YES;
				CLANG_WARN_STRICT_PROTOTYPES = YES;
				CLANG_WARN_SUSPICIOUS_MOVE = YES;
				CLANG_WARN_UNGUARDED_AVAILABILITY = YES_AGGRESSIVE;
				CLANG_WARN_UNREACHABLE_CODE = YES;
				CLANG_WARN__DUPLICATE_METHOD_MATCH = YES;
				COPY_PHASE_STRIP = NO;
				DEBUG_INFORMATION_FORMAT = dwarf;
				ENABLE_STRICT_OBJC_MSGSEND = YES;
				ENABLE_TESTABILITY = YES;
				GCC_C_LANGUAGE_STANDARD = gnu11;
				GCC_DYNAMIC_NO_PIC = NO;
				GCC_NO_COMMON_BLOCKS = YES;
				GCC_OPTIMIZATION_LEVEL = 0;
				GCC_PREPROCESSOR_DEFINITIONS = (
					"DEBUG=1",
					"$(inherited)",
				);
				GCC_WARN_64_TO_32_BIT_CONVERSION = YES;
				GCC_WARN_ABOUT_RETURN_TYPE = YES_ERROR;
				GCC_WARN_UNDECLARED_SELECTOR = YES;
				GCC_WARN_UNINITIALIZED_AUTOS = YES_AGGRESSIVE;
				GCC_WARN_UNUSED_FUNCTION = YES;
				GCC_WARN_UNUSED_VARIABLE = YES;
				IPHONEOS_DEPLOYMENT_TARGET = 15.2;
				MTL_ENABLE_DEBUG_INFO = INCLUDE_SOURCE;
				MTL_FAST_MATH = YES;
				ONLY_ACTIVE_ARCH = YES;
				SDKROOT = iphoneos;
				SWIFT_ACTIVE_COMPILATION_CONDITIONS = DEBUG;
				SWIFT_OPTIMIZATION_LEVEL = "-Onone";
			};
			name = Debug;
		};
		60EDED482B99A63B00EB1930 /* Release */ = {
			isa = XCBuildConfiguration;
			buildSettings = {
				ALWAYS_SEARCH_USER_PATHS = NO;
				CLANG_ANALYZER_NONNULL = YES;
				CLANG_ANALYZER_NUMBER_OBJECT_CONVERSION = YES_AGGRESSIVE;
				CLANG_CXX_LANGUAGE_STANDARD = "gnu++17";
				CLANG_CXX_LIBRARY = "libc++";
				CLANG_ENABLE_MODULES = YES;
				CLANG_ENABLE_OBJC_ARC = YES;
				CLANG_ENABLE_OBJC_WEAK = YES;
				CLANG_WARN_BLOCK_CAPTURE_AUTORELEASING = YES;
				CLANG_WARN_BOOL_CONVERSION = YES;
				CLANG_WARN_COMMA = YES;
				CLANG_WARN_CONSTANT_CONVERSION = YES;
				CLANG_WARN_DEPRECATED_OBJC_IMPLEMENTATIONS = YES;
				CLANG_WARN_DIRECT_OBJC_ISA_USAGE = YES_ERROR;
				CLANG_WARN_DOCUMENTATION_COMMENTS = YES;
				CLANG_WARN_EMPTY_BODY = YES;
				CLANG_WARN_ENUM_CONVERSION = YES;
				CLANG_WARN_INFINITE_RECURSION = YES;
				CLANG_WARN_INT_CONVERSION = YES;
				CLANG_WARN_NON_LITERAL_NULL_CONVERSION = YES;
				CLANG_WARN_OBJC_IMPLICIT_RETAIN_SELF = YES;
				CLANG_WARN_OBJC_LITERAL_CONVERSION = YES;
				CLANG_WARN_OBJC_ROOT_CLASS = YES_ERROR;
				CLANG_WARN_QUOTED_INCLUDE_IN_FRAMEWORK_HEADER = YES;
				CLANG_WARN_RANGE_LOOP_ANALYSIS = YES;
				CLANG_WARN_STRICT_PROTOTYPES = YES;
				CLANG_WARN_SUSPICIOUS_MOVE = YES;
				CLANG_WARN_UNGUARDED_AVAILABILITY = YES_AGGRESSIVE;
				CLANG_WARN_UNREACHABLE_CODE = YES;
				CLANG_WARN__DUPLICATE_METHOD_MATCH = YES;
				COPY_PHASE_STRIP = NO;
				DEBUG_INFORMATION_FORMAT = "dwarf-with-dsym";
				ENABLE_NS_ASSERTIONS = NO;
				ENABLE_STRICT_OBJC_MSGSEND = YES;
				GCC_C_LANGUAGE_STANDARD = gnu11;
				GCC_NO_COMMON_BLOCKS = YES;
				GCC_WARN_64_TO_32_BIT_CONVERSION = YES;
				GCC_WARN_ABOUT_RETURN_TYPE = YES_ERROR;
				GCC_WARN_UNDECLARED_SELECTOR = YES;
				GCC_WARN_UNINITIALIZED_AUTOS = YES_AGGRESSIVE;
				GCC_WARN_UNUSED_FUNCTION = YES;
				GCC_WARN_UNUSED_VARIABLE = YES;
				IPHONEOS_DEPLOYMENT_TARGET = 15.2;
				MTL_ENABLE_DEBUG_INFO = NO;
				MTL_FAST_MATH = YES;
				SDKROOT = iphoneos;
				SWIFT_COMPILATION_MODE = wholemodule;
				SWIFT_OPTIMIZATION_LEVEL = "-O";
				VALIDATE_PRODUCT = YES;
			};
			name = Release;
		};
		60EDED4A2B99A63B00EB1930 /* Debug */ = {
			isa = XCBuildConfiguration;
			buildSettings = {
				ASSETCATALOG_COMPILER_APPICON_NAME = AppIcon;
				ASSETCATALOG_COMPILER_GLOBAL_ACCENT_COLOR_NAME = AccentColor;
				CODE_SIGN_STYLE = Automatic;
				CURRENT_PROJECT_VERSION = 1;
				DEVELOPMENT_ASSET_PATHS = "\"We Cook/Preview Content\"";
				DEVELOPMENT_TEAM = 64T88QXKH2;
				ENABLE_PREVIEWS = YES;
				GENERATE_INFOPLIST_FILE = YES;
				INFOPLIST_KEY_UIApplicationSceneManifest_Generation = YES;
				INFOPLIST_KEY_UIApplicationSupportsIndirectInputEvents = YES;
				INFOPLIST_KEY_UILaunchScreen_Generation = YES;
				INFOPLIST_KEY_UISupportedInterfaceOrientations_iPad = "UIInterfaceOrientationPortrait UIInterfaceOrientationPortraitUpsideDown UIInterfaceOrientationLandscapeLeft UIInterfaceOrientationLandscapeRight";
				INFOPLIST_KEY_UISupportedInterfaceOrientations_iPhone = "UIInterfaceOrientationPortrait UIInterfaceOrientationLandscapeLeft UIInterfaceOrientationLandscapeRight";
				IPHONEOS_DEPLOYMENT_TARGET = 16.5;
				LD_RUNPATH_SEARCH_PATHS = (
					"$(inherited)",
					"@executable_path/Frameworks",
				);
				MARKETING_VERSION = 1.0;
				PRODUCT_BUNDLE_IDENTIFIER = "jonathannguyen.We-Cook";
				PRODUCT_NAME = "$(TARGET_NAME)";
				SWIFT_EMIT_LOC_STRINGS = YES;
				SWIFT_VERSION = 5.0;
				TARGETED_DEVICE_FAMILY = "1,2";
			};
			name = Debug;
		};
		60EDED4B2B99A63B00EB1930 /* Release */ = {
			isa = XCBuildConfiguration;
			buildSettings = {
				ASSETCATALOG_COMPILER_APPICON_NAME = AppIcon;
				ASSETCATALOG_COMPILER_GLOBAL_ACCENT_COLOR_NAME = AccentColor;
				CODE_SIGN_STYLE = Automatic;
				CURRENT_PROJECT_VERSION = 1;
				DEVELOPMENT_ASSET_PATHS = "\"We Cook/Preview Content\"";
				DEVELOPMENT_TEAM = 64T88QXKH2;
				ENABLE_PREVIEWS = YES;
				GENERATE_INFOPLIST_FILE = YES;
				INFOPLIST_KEY_UIApplicationSceneManifest_Generation = YES;
				INFOPLIST_KEY_UIApplicationSupportsIndirectInputEvents = YES;
				INFOPLIST_KEY_UILaunchScreen_Generation = YES;
				INFOPLIST_KEY_UISupportedInterfaceOrientations_iPad = "UIInterfaceOrientationPortrait UIInterfaceOrientationPortraitUpsideDown UIInterfaceOrientationLandscapeLeft UIInterfaceOrientationLandscapeRight";
				INFOPLIST_KEY_UISupportedInterfaceOrientations_iPhone = "UIInterfaceOrientationPortrait UIInterfaceOrientationLandscapeLeft UIInterfaceOrientationLandscapeRight";
				IPHONEOS_DEPLOYMENT_TARGET = 16.5;
				LD_RUNPATH_SEARCH_PATHS = (
					"$(inherited)",
					"@executable_path/Frameworks",
				);
				MARKETING_VERSION = 1.0;
				PRODUCT_BUNDLE_IDENTIFIER = "jonathannguyen.We-Cook";
				PRODUCT_NAME = "$(TARGET_NAME)";
				SWIFT_EMIT_LOC_STRINGS = YES;
				SWIFT_VERSION = 5.0;
				TARGETED_DEVICE_FAMILY = "1,2";
			};
			name = Release;
		};
/* End XCBuildConfiguration section */

/* Begin XCConfigurationList section */
		60EDED362B99A63900EB1930 /* Build configuration list for PBXProject "We Cook" */ = {
			isa = XCConfigurationList;
			buildConfigurations = (
				60EDED472B99A63B00EB1930 /* Debug */,
				60EDED482B99A63B00EB1930 /* Release */,
			);
			defaultConfigurationIsVisible = 0;
			defaultConfigurationName = Release;
		};
		60EDED492B99A63B00EB1930 /* Build configuration list for PBXNativeTarget "We Cook" */ = {
			isa = XCConfigurationList;
			buildConfigurations = (
				60EDED4A2B99A63B00EB1930 /* Debug */,
				60EDED4B2B99A63B00EB1930 /* Release */,
			);
			defaultConfigurationIsVisible = 0;
			defaultConfigurationName = Release;
		};
/* End XCConfigurationList section */
	};
	rootObject = 60EDED332B99A63900EB1930 /* Project object */;
}
